
Microsoft Visual Studio Solution File, Format Version 12.00
# Visual Studio Version 17
VisualStudioVersion = 17.11.35327.3
MinimumVisualStudioVersion = 10.0.40219.1
Project("{FAE04EC0-301F-11D3-BF4B-00C04F79EFBC}") = "GuideToSnilsPostgreSql", "GuideToSnilsPostgreSql.csproj", "{3C6D5E50-BEB7-46E5-94C6-609007429743}"
EndProject
Global
	GlobalSection(SolutionConfigurationPlatforms) = preSolution
		Debug|Any CPU = Debug|Any CPU
		Release|Any CPU = Release|Any CPU
	EndGlobalSection
	GlobalSection(ProjectConfigurationPlatforms) = postSolution
		{3C6D5E50-BEB7-46E5-94C6-609007429743}.Debug|Any CPU.ActiveCfg = Debug|Any CPU
		{3C6D5E50-BEB7-46E5-94C6-609007429743}.Debug|Any CPU.Build.0 = Debug|Any CPU
		{3C6D5E50-BEB7-46E5-94C6-609007429743}.Release|Any CPU.ActiveCfg = Release|Any CPU
		{3C6D5E50-BEB7-46E5-94C6-609007429743}.Release|Any CPU.Build.0 = Release|Any CPU
	EndGlobalSection
	GlobalSection(SolutionProperties) = preSolution
		HideSolutionNode = FALSE
	EndGlobalSection
	GlobalSection(ExtensibilityGlobals) = postSolution
		SolutionGuid = {04866F32-7F07-40BA-B9FD-361DB40F0C85}
	EndGlobalSection
EndGlobal
